
Microsoft Visual Studio Solution File, Format Version 12.00
# Visual Studio 15
VisualStudioVersion = 15.0.26430.15
MinimumVisualStudioVersion = 10.0.40219.1
Project("{FAE04EC0-301F-11D3-BF4B-00C04F79EFBC}") = "SongDownloaderV2", "SongDownloaderV2\SongDownloaderV2.csproj", "{4CE1DF57-7732-404B-B1A2-490A4AC5D794}"
	ProjectSection(ProjectDependencies) = postProject
		{30E3FAF0-AFAF-4770-A292-B36A98350F59} = {30E3FAF0-AFAF-4770-A292-B36A98350F59}
	EndProjectSection
EndProject
Project("{FAE04EC0-301F-11D3-BF4B-00C04F79EFBC}") = "MakeID3Tags", "MakeID3Tags\MakeID3Tags.csproj", "{30E3FAF0-AFAF-4770-A292-B36A98350F59}"
EndProject
Project("{FAE04EC0-301F-11D3-BF4B-00C04F79EFBC}") = "ConvertSongNames", "ConvertSongNames\ConvertSongNames.csproj", "{6F902C48-906F-46B1-976D-F76BC7492011}"
EndProject
Project("{FAE04EC0-301F-11D3-BF4B-00C04F79EFBC}") = "DlAndConv", "DlAndConv\DlAndConv.csproj", "{5B4442CC-1546-49CC-84BB-13CF97F76148}"
EndProject
Global
	GlobalSection(SolutionConfigurationPlatforms) = preSolution
		Debug|Any CPU = Debug|Any CPU
		Release|Any CPU = Release|Any CPU
	EndGlobalSection
	GlobalSection(ProjectConfigurationPlatforms) = postSolution
		{4CE1DF57-7732-404B-B1A2-490A4AC5D794}.Debug|Any CPU.ActiveCfg = Debug|Any CPU
		{4CE1DF57-7732-404B-B1A2-490A4AC5D794}.Debug|Any CPU.Build.0 = Debug|Any CPU
		{4CE1DF57-7732-404B-B1A2-490A4AC5D794}.Release|Any CPU.ActiveCfg = Release|Any CPU
		{4CE1DF57-7732-404B-B1A2-490A4AC5D794}.Release|Any CPU.Build.0 = Release|Any CPU
		{30E3FAF0-AFAF-4770-A292-B36A98350F59}.Debug|Any CPU.ActiveCfg = Debug|Any CPU
		{30E3FAF0-AFAF-4770-A292-B36A98350F59}.Debug|Any CPU.Build.0 = Debug|Any CPU
		{30E3FAF0-AFAF-4770-A292-B36A98350F59}.Release|Any CPU.ActiveCfg = Release|Any CPU
		{30E3FAF0-AFAF-4770-A292-B36A98350F59}.Release|Any CPU.Build.0 = Release|Any CPU
		{6F902C48-906F-46B1-976D-F76BC7492011}.Debug|Any CPU.ActiveCfg = Debug|Any CPU
		{6F902C48-906F-46B1-976D-F76BC7492011}.Debug|Any CPU.Build.0 = Debug|Any CPU
		{6F902C48-906F-46B1-976D-F76BC7492011}.Release|Any CPU.ActiveCfg = Release|Any CPU
		{6F902C48-906F-46B1-976D-F76BC7492011}.Release|Any CPU.Build.0 = Release|Any CPU
		{5B4442CC-1546-49CC-84BB-13CF97F76148}.Debug|Any CPU.ActiveCfg = Debug|Any CPU
		{5B4442CC-1546-49CC-84BB-13CF97F76148}.Debug|Any CPU.Build.0 = Debug|Any CPU
		{5B4442CC-1546-49CC-84BB-13CF97F76148}.Release|Any CPU.ActiveCfg = Release|Any CPU
		{5B4442CC-1546-49CC-84BB-13CF97F76148}.Release|Any CPU.Build.0 = Release|Any CPU
	EndGlobalSection
	GlobalSection(SolutionProperties) = preSolution
		HideSolutionNode = FALSE
	EndGlobalSection
EndGlobal
